{
  "name": "test_npm_cnpj-validator",
  "version": "1.0.0",
  "lockfileVersion": 3,
  "requires": true,
  "packages": {
    "": {
      "name": "test_npm_cnpj-validator",
      "version": "1.0.0",
      "license": "ISC",
      "dependencies": {
        "cnpj-validator-didox": "^1.0.0"
      }
    },
    "node_modules/cnpj-validator-didox": {
      "version": "1.0.0",
      "resolved": "https://registry.npmjs.org/cnpj-validator-didox/-/cnpj-validator-didox-1.0.0.tgz",
      "integrity": "sha512-9Ih4DoFb+B/euLL7N0Yu4Hf+8J1Nxy6EJ7PFQCglvjoWTn/1UdRmHorJLBXnsvYw4Vi3Cm4SgsEC8+k7gkytRw==",
      "license": "MIT"
    }
  }
}
